
Microsoft Visual Studio Solution File, Format Version 12.00
# Visual Studio Version 17
VisualStudioVersion = 17.10.34916.146
MinimumVisualStudioVersion = 10.0.40219.1
Project("{FAE04EC0-301F-11D3-BF4B-00C04F79EFBC}") = "WFTrucoTestClient", "WFTrucoTestClient.csproj", "{96D577CA-FE79-4D2B-B029-A72EEE551718}"
EndProject
Global
	GlobalSection(SolutionConfigurationPlatforms) = preSolution
		Debug|Any CPU = Debug|Any CPU
		Release|Any CPU = Release|Any CPU
	EndGlobalSection
	GlobalSection(ProjectConfigurationPlatforms) = postSolution
		{96D577CA-FE79-4D2B-B029-A72EEE551718}.Debug|Any CPU.ActiveCfg = Debug|Any CPU
		{96D577CA-FE79-4D2B-B029-A72EEE551718}.Debug|Any CPU.Build.0 = Debug|Any CPU
		{96D577CA-FE79-4D2B-B029-A72EEE551718}.Release|Any CPU.ActiveCfg = Release|Any CPU
		{96D577CA-FE79-4D2B-B029-A72EEE551718}.Release|Any CPU.Build.0 = Release|Any CPU
	EndGlobalSection
	GlobalSection(SolutionProperties) = preSolution
		HideSolutionNode = FALSE
	EndGlobalSection
	GlobalSection(ExtensibilityGlobals) = postSolution
		SolutionGuid = {622B50CC-BD25-4830-947E-69F66BD8B1A5}
	EndGlobalSection
EndGlobal
